PODS:
  - JSONFactorable (0.1.0)
  - SwiftLint (0.38.0)

DEPENDENCIES:
  - JSONFactorable (from `../`)
  - SwiftLint (~> 0.38)

SPEC REPOS:
  trunk:
    - SwiftLint

EXTERNAL SOURCES:
  JSONFactorable:
    :path: "../"

SPEC CHECKSUMS:
  JSONFactorable: f202c40b68f9247476d3fa75ded52d9fc4225da3
  SwiftLint: 4105f061f9812b214568b736dab580ab2c73a582

PODFILE CHECKSUM: f35da95efed77ac08ab569f51ea0fa7924623fab

COCOAPODS: 1.8.4
